
Microsoft Visual Studio Solution File, Format Version 12.00
# Visual Studio 15
VisualStudioVersion = 15.0.28307.168
MinimumVisualStudioVersion = 10.0.40219.1
Project("{FAE04EC0-301F-11D3-BF4B-00C04F79EFBC}") = "iDash", "iDash.csproj", "{EFAAFA0C-E0BF-46F4-9D7A-4134B034C89B}"
	ProjectSection(ProjectDependencies) = postProject
		{D6DB568B-35B3-49EB-8CB3-E4E5F1424247} = {D6DB568B-35B3-49EB-8CB3-E4E5F1424247}
		{1765E7DB-BEE4-4324-A396-923D80B61EA0} = {1765E7DB-BEE4-4324-A396-923D80B61EA0}
	EndProjectSection
EndProject
Project("{2150E333-8FDC-42A3-9474-1A3956D46DE8}") = "Solution Items", "Solution Items", "{590011FD-59D1-428E-B373-57B32BA9AECF}"
EndProject
Project("{FAE04EC0-301F-11D3-BF4B-00C04F79EFBC}") = "iRacingSimulator", "..\iRacingSdkWrapper-master\iRacingSimulator\iRacingSimulator.csproj", "{1765E7DB-BEE4-4324-A396-923D80B61EA0}"
EndProject
Project("{FAE04EC0-301F-11D3-BF4B-00C04F79EFBC}") = "iRSDKSharp", "..\iRacingSdkWrapper-master\irsdkSharp\iRSDKSharp.csproj", "{72631B85-EB9A-473E-9B4C-65B355A9000D}"
EndProject
Project("{FAE04EC0-301F-11D3-BF4B-00C04F79EFBC}") = "iRacingSdkWrapper", "..\iRacingSdkWrapper-master\iRacingSdkWrapper\iRacingSdkWrapper.csproj", "{D6DB568B-35B3-49EB-8CB3-E4E5F1424247}"
EndProject
Project("{FAE04EC0-301F-11D3-BF4B-00C04F79EFBC}") = "AssettoCorsaSharedMemory", "..\assettocorsasharedmemory-master\AssettoCorsaSharedMemory.csproj", "{020AF3ED-0A4C-4215-9B1D-1D41DD26F8BB}"
EndProject
Global
	GlobalSection(SolutionConfigurationPlatforms) = preSolution
		Debug|Any CPU = Debug|Any CPU
		Debug|x64 = Debug|x64
		Release|Any CPU = Release|Any CPU
		Release|x64 = Release|x64
	EndGlobalSection
	GlobalSection(ProjectConfigurationPlatforms) = postSolution
		{EFAAFA0C-E0BF-46F4-9D7A-4134B034C89B}.Debug|Any CPU.ActiveCfg = Debug|x64
		{EFAAFA0C-E0BF-46F4-9D7A-4134B034C89B}.Debug|x64.ActiveCfg = Debug|x64
		{EFAAFA0C-E0BF-46F4-9D7A-4134B034C89B}.Debug|x64.Build.0 = Debug|x64
		{EFAAFA0C-E0BF-46F4-9D7A-4134B034C89B}.Release|Any CPU.ActiveCfg = Release|Any CPU
		{EFAAFA0C-E0BF-46F4-9D7A-4134B034C89B}.Release|Any CPU.Build.0 = Release|Any CPU
		{EFAAFA0C-E0BF-46F4-9D7A-4134B034C89B}.Release|x64.ActiveCfg = Release|x64
		{EFAAFA0C-E0BF-46F4-9D7A-4134B034C89B}.Release|x64.Build.0 = Release|x64
		{1765E7DB-BEE4-4324-A396-923D80B61EA0}.Debug|Any CPU.ActiveCfg = Debug|Any CPU
		{1765E7DB-BEE4-4324-A396-923D80B61EA0}.Debug|Any CPU.Build.0 = Debug|Any CPU
		{1765E7DB-BEE4-4324-A396-923D80B61EA0}.Debug|x64.ActiveCfg = Debug|Any CPU
		{1765E7DB-BEE4-4324-A396-923D80B61EA0}.Debug|x64.Build.0 = Debug|Any CPU
		{1765E7DB-BEE4-4324-A396-923D80B61EA0}.Release|Any CPU.ActiveCfg = Release|Any CPU
		{1765E7DB-BEE4-4324-A396-923D80B61EA0}.Release|Any CPU.Build.0 = Release|Any CPU
		{1765E7DB-BEE4-4324-A396-923D80B61EA0}.Release|x64.ActiveCfg = Release|Any CPU
		{1765E7DB-BEE4-4324-A396-923D80B61EA0}.Release|x64.Build.0 = Release|Any CPU
		{72631B85-EB9A-473E-9B4C-65B355A9000D}.Debug|Any CPU.ActiveCfg = Debug|Any CPU
		{72631B85-EB9A-473E-9B4C-65B355A9000D}.Debug|Any CPU.Build.0 = Debug|Any CPU
		{72631B85-EB9A-473E-9B4C-65B355A9000D}.Debug|x64.ActiveCfg = Debug|Any CPU
		{72631B85-EB9A-473E-9B4C-65B355A9000D}.Debug|x64.Build.0 = Debug|Any CPU
		{72631B85-EB9A-473E-9B4C-65B355A9000D}.Release|Any CPU.ActiveCfg = Release|Any CPU
		{72631B85-EB9A-473E-9B4C-65B355A9000D}.Release|Any CPU.Build.0 = Release|Any CPU
		{72631B85-EB9A-473E-9B4C-65B355A9000D}.Release|x64.ActiveCfg = Release|Any CPU
		{72631B85-EB9A-473E-9B4C-65B355A9000D}.Release|x64.Build.0 = Release|Any CPU
		{D6DB568B-35B3-49EB-8CB3-E4E5F1424247}.Debug|Any CPU.ActiveCfg = Debug|Any CPU
		{D6DB568B-35B3-49EB-8CB3-E4E5F1424247}.Debug|Any CPU.Build.0 = Debug|Any CPU
		{D6DB568B-35B3-49EB-8CB3-E4E5F1424247}.Debug|x64.ActiveCfg = Debug|Any CPU
		{D6DB568B-35B3-49EB-8CB3-E4E5F1424247}.Debug|x64.Build.0 = Debug|Any CPU
		{D6DB568B-35B3-49EB-8CB3-E4E5F1424247}.Release|Any CPU.ActiveCfg = Release|Any CPU
		{D6DB568B-35B3-49EB-8CB3-E4E5F1424247}.Release|Any CPU.Build.0 = Release|Any CPU
		{D6DB568B-35B3-49EB-8CB3-E4E5F1424247}.Release|x64.ActiveCfg = Release|Any CPU
		{D6DB568B-35B3-49EB-8CB3-E4E5F1424247}.Release|x64.Build.0 = Release|Any CPU
		{020AF3ED-0A4C-4215-9B1D-1D41DD26F8BB}.Debug|Any CPU.ActiveCfg = Debug|Any CPU
		{020AF3ED-0A4C-4215-9B1D-1D41DD26F8BB}.Debug|Any CPU.Build.0 = Debug|Any CPU
		{020AF3ED-0A4C-4215-9B1D-1D41DD26F8BB}.Debug|x64.ActiveCfg = Debug|Any CPU
		{020AF3ED-0A4C-4215-9B1D-1D41DD26F8BB}.Debug|x64.Build.0 = Debug|Any CPU
		{020AF3ED-0A4C-4215-9B1D-1D41DD26F8BB}.Release|Any CPU.ActiveCfg = Release|Any CPU
		{020AF3ED-0A4C-4215-9B1D-1D41DD26F8BB}.Release|Any CPU.Build.0 = Release|Any CPU
		{020AF3ED-0A4C-4215-9B1D-1D41DD26F8BB}.Release|x64.ActiveCfg = Release|Any CPU
		{020AF3ED-0A4C-4215-9B1D-1D41DD26F8BB}.Release|x64.Build.0 = Release|Any CPU
	EndGlobalSection
	GlobalSection(SolutionProperties) = preSolution
		HideSolutionNode = FALSE
	EndGlobalSection
	GlobalSection(ExtensibilityGlobals) = postSolution
		SolutionGuid = {21A92639-2531-41C0-AF2F-C9569E6A4451}
	EndGlobalSection
EndGlobal
